
Microsoft Visual Studio Solution File, Format Version 12.00
Project("{FAE04EC0-301F-11D3-BF4B-00C04F79EFBC}") = "Ragon", "Ragon\Ragon.csproj", "{BABA1AF0-CF91-43F2-9577-53800068ACCF}"
EndProject
Project("{FAE04EC0-301F-11D3-BF4B-00C04F79EFBC}") = "Ragon.SimpleServer", "Ragon.SimpleServer\Ragon.SimpleServer.csproj", "{C2B87ADE-A122-4366-8EB7-24DAE11EBAF0}"
EndProject
Project("{FAE04EC0-301F-11D3-BF4B-00C04F79EFBC}") = "Ragon.Common", "Ragon.Common\Ragon.Common.csproj", "{F478B2A2-36F4-43B9-9BB7-382A57C449B2}"
EndProject
Project("{FAE04EC0-301F-11D3-BF4B-00C04F79EFBC}") = "Ragon.Stress", "Ragon.Stress\Ragon.Stress.csproj", "{45E4C6A4-6AB5-4BEA-82DD-1F75C1648EC4}"
EndProject
Global
	GlobalSection(SolutionConfigurationPlatforms) = preSolution
		Debug|Any CPU = Debug|Any CPU
		Release|Any CPU = Release|Any CPU
	EndGlobalSection
	GlobalSection(ProjectConfigurationPlatforms) = postSolution
		{BABA1AF0-CF91-43F2-9577-53800068ACCF}.Debug|Any CPU.ActiveCfg = Debug|Any CPU
		{BABA1AF0-CF91-43F2-9577-53800068ACCF}.Debug|Any CPU.Build.0 = Debug|Any CPU
		{BABA1AF0-CF91-43F2-9577-53800068ACCF}.Release|Any CPU.ActiveCfg = Release|Any CPU
		{BABA1AF0-CF91-43F2-9577-53800068ACCF}.Release|Any CPU.Build.0 = Release|Any CPU
		{C2B87ADE-A122-4366-8EB7-24DAE11EBAF0}.Debug|Any CPU.ActiveCfg = Debug|Any CPU
		{C2B87ADE-A122-4366-8EB7-24DAE11EBAF0}.Debug|Any CPU.Build.0 = Debug|Any CPU
		{C2B87ADE-A122-4366-8EB7-24DAE11EBAF0}.Release|Any CPU.ActiveCfg = Release|Any CPU
		{C2B87ADE-A122-4366-8EB7-24DAE11EBAF0}.Release|Any CPU.Build.0 = Release|Any CPU
		{F478B2A2-36F4-43B9-9BB7-382A57C449B2}.Debug|Any CPU.ActiveCfg = Debug|Any CPU
		{F478B2A2-36F4-43B9-9BB7-382A57C449B2}.Debug|Any CPU.Build.0 = Debug|Any CPU
		{F478B2A2-36F4-43B9-9BB7-382A57C449B2}.Release|Any CPU.ActiveCfg = Release|Any CPU
		{F478B2A2-36F4-43B9-9BB7-382A57C449B2}.Release|Any CPU.Build.0 = Release|Any CPU
		{45E4C6A4-6AB5-4BEA-82DD-1F75C1648EC4}.Debug|Any CPU.ActiveCfg = Debug|Any CPU
		{45E4C6A4-6AB5-4BEA-82DD-1F75C1648EC4}.Debug|Any CPU.Build.0 = Debug|Any CPU
		{45E4C6A4-6AB5-4BEA-82DD-1F75C1648EC4}.Release|Any CPU.ActiveCfg = Release|Any CPU
		{45E4C6A4-6AB5-4BEA-82DD-1F75C1648EC4}.Release|Any CPU.Build.0 = Release|Any CPU
	EndGlobalSection
EndGlobal
