
Microsoft Visual Studio Solution File, Format Version 12.00
Project("{FAE04EC0-301F-11D3-BF4B-00C04F79EFBC}") = "Ragon.Relay", "Ragon.Relay\Ragon.Relay.csproj", "{C2B87ADE-A122-4366-8EB7-24DAE11EBAF0}"
EndProject
Project("{FAE04EC0-301F-11D3-BF4B-00C04F79EFBC}") = "Ragon.Protocol", "Ragon.Protocol\Ragon.Protocol.csproj", "{F478B2A2-36F4-43B9-9BB7-382A57C449B2}"
EndProject
Project("{FAE04EC0-301F-11D3-BF4B-00C04F79EFBC}") = "Ragon.Server", "Ragon.Server\Ragon.Server.csproj", "{F4AA86B9-2486-4B53-BA77-43D958A2FDC3}"
EndProject
Project("{FAE04EC0-301F-11D3-BF4B-00C04F79EFBC}") = "Ragon.Server.WebSocketServer", "Ragon.Server.WebSocketServer\Ragon.Server.WebSocketServer.csproj", "{81050343-A9B8-487B-86C8-7A5B7DD9C39B}"
EndProject
Project("{FAE04EC0-301F-11D3-BF4B-00C04F79EFBC}") = "Ragon.Server.ENetServer", "Ragon.Server.ENetServer\Ragon.Server.ENetServer.csproj", "{DD79AC4F-9E5C-4938-850E-805D537E68D0}"
EndProject
Project("{FAE04EC0-301F-11D3-BF4B-00C04F79EFBC}") = "Ragon.Client", "Ragon.Client\Ragon.Client.csproj", "{C82D65BF-6D80-4263-ADFE-CB9ED990B6C3}"
EndProject
Project("{FAE04EC0-301F-11D3-BF4B-00C04F79EFBC}") = "Ragon.Simulation", "Ragon.Simulation\Ragon.Simulation.csproj", "{0384848D-3B63-4B3A-B15F-A836EBB3E95D}"
EndProject
Project("{FAE04EC0-301F-11D3-BF4B-00C04F79EFBC}") = "Ragon.Client.Property", "Ragon.Client.Property\Ragon.Client.Property.csproj", "{46A60DAB-F854-4BB6-A119-BD4C5B2B0D29}"
EndProject
Global
	GlobalSection(SolutionConfigurationPlatforms) = preSolution
		Debug|Any CPU = Debug|Any CPU
		Release|Any CPU = Release|Any CPU
	EndGlobalSection
	GlobalSection(ProjectConfigurationPlatforms) = postSolution
		{C2B87ADE-A122-4366-8EB7-24DAE11EBAF0}.Debug|Any CPU.ActiveCfg = Debug|Any CPU
		{C2B87ADE-A122-4366-8EB7-24DAE11EBAF0}.Debug|Any CPU.Build.0 = Debug|Any CPU
		{C2B87ADE-A122-4366-8EB7-24DAE11EBAF0}.Release|Any CPU.ActiveCfg = Release|Any CPU
		{C2B87ADE-A122-4366-8EB7-24DAE11EBAF0}.Release|Any CPU.Build.0 = Release|Any CPU
		{F478B2A2-36F4-43B9-9BB7-382A57C449B2}.Debug|Any CPU.ActiveCfg = Debug|Any CPU
		{F478B2A2-36F4-43B9-9BB7-382A57C449B2}.Debug|Any CPU.Build.0 = Debug|Any CPU
		{F478B2A2-36F4-43B9-9BB7-382A57C449B2}.Release|Any CPU.ActiveCfg = Release|Any CPU
		{F478B2A2-36F4-43B9-9BB7-382A57C449B2}.Release|Any CPU.Build.0 = Release|Any CPU
		{F4AA86B9-2486-4B53-BA77-43D958A2FDC3}.Debug|Any CPU.ActiveCfg = Debug|Any CPU
		{F4AA86B9-2486-4B53-BA77-43D958A2FDC3}.Debug|Any CPU.Build.0 = Debug|Any CPU
		{F4AA86B9-2486-4B53-BA77-43D958A2FDC3}.Release|Any CPU.ActiveCfg = Release|Any CPU
		{F4AA86B9-2486-4B53-BA77-43D958A2FDC3}.Release|Any CPU.Build.0 = Release|Any CPU
		{81050343-A9B8-487B-86C8-7A5B7DD9C39B}.Debug|Any CPU.ActiveCfg = Debug|Any CPU
		{81050343-A9B8-487B-86C8-7A5B7DD9C39B}.Debug|Any CPU.Build.0 = Debug|Any CPU
		{81050343-A9B8-487B-86C8-7A5B7DD9C39B}.Release|Any CPU.ActiveCfg = Release|Any CPU
		{81050343-A9B8-487B-86C8-7A5B7DD9C39B}.Release|Any CPU.Build.0 = Release|Any CPU
		{DD79AC4F-9E5C-4938-850E-805D537E68D0}.Debug|Any CPU.ActiveCfg = Debug|Any CPU
		{DD79AC4F-9E5C-4938-850E-805D537E68D0}.Debug|Any CPU.Build.0 = Debug|Any CPU
		{DD79AC4F-9E5C-4938-850E-805D537E68D0}.Release|Any CPU.ActiveCfg = Release|Any CPU
		{DD79AC4F-9E5C-4938-850E-805D537E68D0}.Release|Any CPU.Build.0 = Release|Any CPU
		{C82D65BF-6D80-4263-ADFE-CB9ED990B6C3}.Debug|Any CPU.ActiveCfg = Debug|Any CPU
		{C82D65BF-6D80-4263-ADFE-CB9ED990B6C3}.Debug|Any CPU.Build.0 = Debug|Any CPU
		{C82D65BF-6D80-4263-ADFE-CB9ED990B6C3}.Release|Any CPU.ActiveCfg = Release|Any CPU
		{C82D65BF-6D80-4263-ADFE-CB9ED990B6C3}.Release|Any CPU.Build.0 = Release|Any CPU
		{0384848D-3B63-4B3A-B15F-A836EBB3E95D}.Debug|Any CPU.ActiveCfg = Debug|Any CPU
		{0384848D-3B63-4B3A-B15F-A836EBB3E95D}.Debug|Any CPU.Build.0 = Debug|Any CPU
		{0384848D-3B63-4B3A-B15F-A836EBB3E95D}.Release|Any CPU.ActiveCfg = Release|Any CPU
		{0384848D-3B63-4B3A-B15F-A836EBB3E95D}.Release|Any CPU.Build.0 = Release|Any CPU
		{46A60DAB-F854-4BB6-A119-BD4C5B2B0D29}.Debug|Any CPU.ActiveCfg = Debug|Any CPU
		{46A60DAB-F854-4BB6-A119-BD4C5B2B0D29}.Debug|Any CPU.Build.0 = Debug|Any CPU
		{46A60DAB-F854-4BB6-A119-BD4C5B2B0D29}.Release|Any CPU.ActiveCfg = Release|Any CPU
		{46A60DAB-F854-4BB6-A119-BD4C5B2B0D29}.Release|Any CPU.Build.0 = Release|Any CPU
	EndGlobalSection
EndGlobal
